{
  "requires": true,
  "lockfileVersion": 1,
  "dependencies": {
    "bootstrap": {
      "version": "3.3.5",
      "resolved": "https://registry.npmjs.org/bootstrap/-/bootstrap-3.3.5.tgz",
      "integrity": "sha1-F3ereSmbEo2H3OfL2G/cRqxpwLE="
    },
    "ngx-pagination": {
      "version": "3.1.1",
      "resolved": "https://registry.npmjs.org/ngx-pagination/-/ngx-pagination-3.1.1.tgz",
      "integrity": "sha512-ORJ1ZgLEbCg83Zel9oeAZ/8onyh8wzTYVqZ3uq5QSKB6Ez6MmnR1hk+BnqVSMnDTa8fSrn6gciGC4l2FI6FI8Q=="
    }
  }
}
